
Microsoft Visual Studio Solution File, Format Version 12.00
# Visual Studio Version 16
VisualStudioVersion = 16.0.31424.327
MinimumVisualStudioVersion = 10.0.40219.1
Project("{FAE04EC0-301F-11D3-BF4B-00C04F79EFBC}") = "ExamenTema5", "ExamenTema5\ExamenTema5.csproj", "{7BBFA529-3A1C-4290-89BE-DD9517165660}"
EndProject
Global
	GlobalSection(SolutionConfigurationPlatforms) = preSolution
		Debug|Any CPU = Debug|Any CPU
		Release|Any CPU = Release|Any CPU
	EndGlobalSection
	GlobalSection(ProjectConfigurationPlatforms) = postSolution
		{7BBFA529-3A1C-4290-89BE-DD9517165660}.Debug|Any CPU.ActiveCfg = Debug|Any CPU
		{7BBFA529-3A1C-4290-89BE-DD9517165660}.Debug|Any CPU.Build.0 = Debug|Any CPU
		{7BBFA529-3A1C-4290-89BE-DD9517165660}.Release|Any CPU.ActiveCfg = Release|Any CPU
		{7BBFA529-3A1C-4290-89BE-DD9517165660}.Release|Any CPU.Build.0 = Release|Any CPU
	EndGlobalSection
	GlobalSection(SolutionProperties) = preSolution
		HideSolutionNode = FALSE
	EndGlobalSection
	GlobalSection(ExtensibilityGlobals) = postSolution
		SolutionGuid = {7BC3F67A-AA0A-4FB3-BC25-BE0652A79957}
	EndGlobalSection
EndGlobal
